{
  "name": "t2js",
  "version": "3.0.6",
  "lockfileVersion": 1,
  "requires": true,
  "dependencies": {
    "fun2mod": {
      "version": "1.0.3",
      "resolved": "https://registry.npmjs.org/fun2mod/-/fun2mod-1.0.3.tgz",
      "integrity": "sha512-4gxkEGPcxBHNk9JWMEMvgovEkij2NlaP9kDisLgQL4JUtr4QwGVcxlZPbZskO+8ArKlcy+w7qoFUvPzigGwbGg=="
    },
    "kc-regesc": {
      "version": "1.0.3",
      "resolved": "https://registry.npmjs.org/kc-regesc/-/kc-regesc-1.0.3.tgz",
      "integrity": "sha512-eBp0fpjbWTUfRyIUP5gsJcU+ESWp/kDefT1/wzX+6fimm+50zeC25ERgm2wEBM+AMrx+qFhTxuNzKt/lZ7ELRA==",
      "requires": {
        "fun2mod": "^1.0.3"
      }
    },
    "kc-rmcomm": {
      "version": "1.0.8",
      "resolved": "https://registry.npmjs.org/kc-rmcomm/-/kc-rmcomm-1.0.8.tgz",
      "integrity": "sha512-N/c7BxmRjujmL1FnCS/CVCwBegycb+L8uyu+RlDX95d381jMxn61V/iJwc8TlWBtM4/CyxDBerAsZVZ0elR4FA==",
      "requires": {
        "fun2mod": "^1.0.3"
      }
    },
    "kc-strmin": {
      "version": "1.0.2",
      "resolved": "https://registry.npmjs.org/kc-strmin/-/kc-strmin-1.0.2.tgz",
      "integrity": "sha512-ncI64dd+j8x8m2iebSHgVKx+hXsBgayvlwTqTvx2vTK05jQNRY9/KP79vNey+YkFtlhLp6DM9qHkompkp3hTbw==",
      "requires": {
        "fun2mod": "^1.0.3"
      }
    },
    "kc-tagfun": {
      "version": "1.0.12",
      "resolved": "https://registry.npmjs.org/kc-tagfun/-/kc-tagfun-1.0.12.tgz",
      "integrity": "sha512-TG8jBnvQjzg5RB11sNCI7ptRR+Rxe121olULZF02lQvFs+8eNx4TdUI3m58ufjehZLcWYp9dIDXwZpJgEJMRHA==",
      "requires": {
        "fun2mod": "^1.0.3"
      }
    }
  }
}
