{
  "name": "t2js",
  "version": "5.0.2",
  "lockfileVersion": 1,
  "requires": true,
  "dependencies": {
    "fun2mod": {
      "version": "1.0.5",
      "resolved": "https://registry.npmjs.org/fun2mod/-/fun2mod-1.0.5.tgz",
      "integrity": "sha512-v20RK2JXnuUXjvoALMduQLwT+e36YUUTcP7CQtHlOuDVp8OTu7IHYNd0PbFn+osDLbgXaa/eb4plAo5HHIiZZg=="
    }
  }
}
